// !$*UTF8*$!
{
	archiveVersion = 1;
	classes = {
	};
	objectVersion = 50;
	objects = {

/* Begin PBXBuildFile section */
		4264894121D48D4C00D00443 /* AppDelegate.m in Sources */ = {isa = PBXBuildFile; fileRef = 4264894021D48D4C00D00443 /* AppDelegate.m */; };
		4264894421D48D4C00D00443 /* ViewController.m in Sources */ = {isa = PBXBuildFile; fileRef = 4264894321D48D4C00D00443 /* ViewController.m */; };
		4264894721D48D4C00D00443 /* Main.storyboard in Resources */ = {isa = PBXBuildFile; fileRef = 4264894521D48D4C00D00443 /* Main.storyboard */; };
		4264894A21D48D4C00D00443 /* LocalBookForSelf.xcdatamodeld in Sources */ = {isa = PBXBuildFile; fileRef = 4264894821D48D4C00D00443 /* LocalBookForSelf.xcdatamodeld */; };
		4264894C21D48D4E00D00443 /* Assets.xcassets in Resources */ = {isa = PBXBuildFile; fileRef = 4264894B21D48D4E00D00443 /* Assets.xcassets */; };
		4264894F21D48D4E00D00443 /* LaunchScreen.storyboard in Resources */ = {isa = PBXBuildFile; fileRef = 4264894D21D48D4E00D00443 /* LaunchScreen.storyboard */; };
		4264895221D48D4E00D00443 /* main.m in Sources */ = {isa = PBXBuildFile; fileRef = 4264895121D48D4E00D00443 /* main.m */; };
/* End PBXBuildFile section */

/* Begin PBXFileReference section */
		4264893C21D48D4C00D00443 /* LocalBookForSelf.app */ = {isa = PBXFileReference; explicitFileType = wrapper.application; includeInIndex = 0; path = LocalBookForSelf.app; sourceTree = BUILT_PRODUCTS_DIR; };
		4264893F21D48D4C00D00443 /* AppDelegate.h */ = {isa = PBXFileReference; lastKnownFileType = sourcecode.c.h; path = AppDelegate.h; sourceTree = "<group>"; };
		4264894021D48D4C00D00443 /* AppDelegate.m */ = {isa = PBXFileReference; lastKnownFileType = sourcecode.c.objc; path = AppDelegate.m; sourceTree = "<group>"; };
		4264894221D48D4C00D00443 /* ViewController.h */ = {isa = PBXFileReference; lastKnownFileType = sourcecode.c.h; path = ViewController.h; sourceTree = "<group>"; };
		4264894321D48D4C00D00443 /* ViewController.m */ = {isa = PBXFileReference; lastKnownFileType = sourcecode.c.objc; path = ViewController.m; sourceTree = "<group>"; };
		4264894621D48D4C00D00443 /* Base */ = {isa = PBXFileReference; lastKnownFileType = file.storyboard; name = Base; path = Base.lproj/Main.storyboard; sourceTree = "<group>"; };
		4264894921D48D4C00D00443 /* LocalBookForSelf.xcdatamodel */ = {isa = PBXFileReference; lastKnownFileType = wrapper.xcdatamodel; path = LocalBookForSelf.xcdatamodel; sourceTree = "<group>"; };
		4264894B21D48D4E00D00443 /* Assets.xcassets */ = {isa = PBXFileReference; lastKnownFileType = folder.assetcatalog; path = Assets.xcassets; sourceTree = "<group>"; };
		4264894E21D48D4E00D00443 /* Base */ = {isa = PBXFileReference; lastKnownFileType = file.storyboard; name = Base; path = Base.lproj/LaunchScreen.storyboard; sourceTree = "<group>"; };
		4264895021D48D4E00D00443 /* Info.plist */ = {isa = PBXFileReference; lastKnownFileType = text.plist.xml; path = Info.plist; sourceTree = "<group>"; };
		4264895121D48D4E00D00443 /* main.m */ = {isa = PBXFileReference; lastKnownFileType = sourcecode.c.objc; path = main.m; sourceTree = "<group>"; };
/* End PBXFileReference section */

/* Begin PBXFrameworksBuildPhase section */
		4264893921D48D4C00D00443 /* Frameworks */ = {
			isa = PBXFrameworksBuildPhase;
			buildActionMask = 2147483647;
			files = (
			);
			runOnlyForDeploymentPostprocessing = 0;
		};
/* End PBXFrameworksBuildPhase section */

/* Begin PBXGroup section */
		4264893321D48D4C00D00443 = {
			isa = PBXGroup;
			children = (
				4264893E21D48D4C00D00443 /* LocalBookForSelf */,
				4264893D21D48D4C00D00443 /* Products */,
			);
			sourceTree = "<group>";
		};
		4264893D21D48D4C00D00443 /* Products */ = {
			isa = PBXGroup;
			children = (
				4264893C21D48D4C00D00443 /* LocalBookForSelf.app */,
			);
			name = Products;
			sourceTree = "<group>";
		};
		4264893E21D48D4C00D00443 /* LocalBookForSelf */ = {
			isa = PBXGroup;
			children = (
				4264893F21D48D4C00D00443 /* AppDelegate.h */,
				4264894021D48D4C00D00443 /* AppDelegate.m */,
				4264894221D48D4C00D00443 /* ViewController.h */,
				4264894321D48D4C00D00443 /* ViewController.m */,
				4264894521D48D4C00D00443 /* Main.storyboard */,
				4264894B21D48D4E00D00443 /* Assets.xcassets */,
				4264894D21D48D4E00D00443 /* LaunchScreen.storyboard */,
				4264895021D48D4E00D00443 /* Info.plist */,
				4264895121D48D4E00D00443 /* main.m */,
				4264894821D48D4C00D00443 /* LocalBookForSelf.xcdatamodeld */,
			);
			path = LocalBookForSelf;
			sourceTree = "<group>";
		};
/* End PBXGroup section */

/* Begin PBXNativeTarget section */
		4264893B21D48D4C00D00443 /* LocalBookForSelf */ = {
			isa = PBXNativeTarget;
			buildConfigurationList = 4264895521D48D4E00D00443 /* Build configuration list for PBXNativeTarget "LocalBookForSelf" */;
			buildPhases = (
				4264893821D48D4C00D00443 /* Sources */,
				4264893921D48D4C00D00443 /* Frameworks */,
				4264893A21D48D4C00D00443 /* Resources */,
			);
			buildRules = (
			);
			dependencies = (
			);
			name = LocalBookForSelf;
			productName = LocalBookForSelf;
			productReference = 4264893C21D48D4C00D00443 /* LocalBookForSelf.app */;
			productType = "com.apple.product-type.application";
		};
/* End PBXNativeTarget section */

/* Begin PBXProject section */
		4264893421D48D4C00D00443 /* Project object */ = {
			isa = PBXProject;
			attributes = {
				LastUpgradeCheck = 1000;
				ORGANIZATIONNAME = "刘俊彰";
				TargetAttributes = {
					4264893B21D48D4C00D00443 = {
						CreatedOnToolsVersion = 10.0;
					};
				};
			};
			buildConfigurationList = 4264893721D48D4C00D00443 /* Build configuration list for PBXProject "LocalBookForSelf" */;
			compatibilityVersion = "Xcode 9.3";
			developmentRegion = en;
			hasScannedForEncodings = 0;
			knownRegions = (
				en,
				Base,
			);
			mainGroup = 4264893321D48D4C00D00443;
			productRefGroup = 4264893D21D48D4C00D00443 /* Products */;
			projectDirPath = "";
			projectRoot = "";
			targets = (
				4264893B21D48D4C00D00443 /* LocalBookForSelf */,
			);
		};
/* End PBXProject section */

/* Begin PBXResourcesBuildPhase section */
		4264893A21D48D4C00D00443 /* Resources */ = {
			isa = PBXResourcesBuildPhase;
			buildActionMask = 2147483647;
			files = (
				4264894F21D48D4E00D00443 /* LaunchScreen.storyboard in Resources */,
				4264894C21D48D4E00D00443 /* Assets.xcassets in Resources */,
				4264894721D48D4C00D00443 /* Main.storyboard in Resources */,
			);
			runOnlyForDeploymentPostprocessing = 0;
		};
/* End PBXResourcesBuildPhase section */

/* Begin PBXSourcesBuildPhase section */
		4264893821D48D4C00D00443 /* Sources */ = {
			isa = PBXSourcesBuildPhase;
			buildActionMask = 2147483647;
			files = (
				4264894421D48D4C00D00443 /* ViewController.m in Sources */,
				4264894121D48D4C00D00443 /* AppDelegate.m in Sources */,
				4264895221D48D4E00D00443 /* main.m in Sources */,
				4264894A21D48D4C00D00443 /* LocalBookForSelf.xcdatamodeld in Sources */,
			);
			runOnlyForDeploymentPostprocessing = 0;
		};
/* End PBXSourcesBuildPhase section */

/* Begin PBXVariantGroup section */
		4264894521D48D4C00D00443 /* Main.storyboard */ = {
			isa = PBXVariantGroup;
			children = (
				4264894621D48D4C00D00443 /* Base */,
			);
			name = Main.storyboard;
			sourceTree = "<group>";
		};
		4264894D21D48D4E00D00443 /* LaunchScreen.storyboard */ = {
			isa = PBXVariantGroup;
			children = (
				4264894E21D48D4E00D00443 /* Base */,
			);
			name = LaunchScreen.storyboard;
			sourceTree = "<group>";
		};
/* End PBXVariantGroup section */

/* Begin XCBuildConfiguration section */
		4264895321D48D4E00D00443 /* Debug */ = {
			isa = XCBuildConfiguration;
			buildSettings = {
				ALWAYS_SEARCH_USER_PATHS = NO;
				CLANG_ANALYZER_NONNULL = YES;
				CLANG_ANALYZER_NUMBER_OBJECT_CONVERSION = YES_AGGRESSIVE;
				CLANG_CXX_LANGUAGE_STANDARD = "gnu++14";
				CLANG_CXX_LIBRARY = "libc++";
				CLANG_ENABLE_MODULES = YES;
				CLANG_ENABLE_OBJC_ARC = YES;
				CLANG_ENABLE_OBJC_WEAK = YES;
				CLANG_WARN_BLOCK_CAPTURE_AUTORELEASING = YES;
				CLANG_WARN_BOOL_CONVERSION = YES;
				CLANG_WARN_COMMA = YES;
				CLANG_WARN_CONSTANT_CONVERSION = YES;
				CLANG_WARN_DEPRECATED_OBJC_IMPLEMENTATIONS = YES;
				CLANG_WARN_DIRECT_OBJC_ISA_USAGE = YES_ERROR;
				CLANG_WARN_DOCUMENTATION_COMMENTS = YES;
				CLANG_WARN_EMPTY_BODY = YES;
				CLANG_WARN_ENUM_CONVERSION = YES;
				CLANG_WARN_INFINITE_RECURSION = YES;
				CLANG_WARN_INT_CONVERSION = YES;
				CLANG_WARN_NON_LITERAL_NULL_CONVERSION = YES;
				CLANG_WARN_OBJC_IMPLICIT_RETAIN_SELF = YES;
				CLANG_WARN_OBJC_LITERAL_CONVERSION = YES;
				CLANG_WARN_OBJC_ROOT_CLASS = YES_ERROR;
				CLANG_WARN_RANGE_LOOP_ANALYSIS = YES;
				CLANG_WARN_STRICT_PROTOTYPES = YES;
				CLANG_WARN_SUSPICIOUS_MOVE = YES;
				CLANG_WARN_UNGUARDED_AVAILABILITY = YES_AGGRESSIVE;
				CLANG_WARN_UNREACHABLE_CODE = YES;
				CLANG_WARN__DUPLICATE_METHOD_MATCH = YES;
				CODE_SIGN_IDENTITY = "iPhone Developer";
				COPY_PHASE_STRIP = NO;
				DEBUG_INFORMATION_FORMAT = dwarf;
				ENABLE_STRICT_OBJC_MSGSEND = YES;
				ENABLE_TESTABILITY = YES;
				GCC_C_LANGUAGE_STANDARD = gnu11;
				GCC_DYNAMIC_NO_PIC = NO;
				GCC_NO_COMMON_BLOCKS = YES;
				GCC_OPTIMIZATION_LEVEL = 0;
				GCC_PREPROCESSOR_DEFINITIONS = (
					"DEBUG=1",
					"$(inherited)",
				);
				GCC_WARN_64_TO_32_BIT_CONVERSION = YES;
				GCC_WARN_ABOUT_RETURN_TYPE = YES_ERROR;
				GCC_WARN_UNDECLARED_SELECTOR = YES;
				GCC_WARN_UNINITIALIZED_AUTOS = YES_AGGRESSIVE;
				GCC_WARN_UNUSED_FUNCTION = YES;
				GCC_WARN_UNUSED_VARIABLE = YES;
				IPHONEOS_DEPLOYMENT_TARGET = 12.0;
				MTL_ENABLE_DEBUG_INFO = INCLUDE_SOURCE;
				MTL_FAST_MATH = YES;
				ONLY_ACTIVE_ARCH = YES;
				SDKROOT = iphoneos;
			};
			name = Debug;
		};
		4264895421D48D4E00D00443 /* Release */ = {
			isa = XCBuildConfiguration;
			buildSettings = {
				ALWAYS_SEARCH_USER_PATHS = NO;
				CLANG_ANALYZER_NONNULL = YES;
				CLANG_ANALYZER_NUMBER_OBJECT_CONVERSION = YES_AGGRESSIVE;
				CLANG_CXX_LANGUAGE_STANDARD = "gnu++14";
				CLANG_CXX_LIBRARY = "libc++";
				CLANG_ENABLE_MODULES = YES;
				CLANG_ENABLE_OBJC_ARC = YES;
				CLANG_ENABLE_OBJC_WEAK = YES;
				CLANG_WARN_BLOCK_CAPTURE_AUTORELEASING = YES;
				CLANG_WARN_BOOL_CONVERSION = YES;
				CLANG_WARN_COMMA = YES;
				CLANG_WARN_CONSTANT_CONVERSION = YES;
				CLANG_WARN_DEPRECATED_OBJC_IMPLEMENTATIONS = YES;
				CLANG_WARN_DIRECT_OBJC_ISA_USAGE = YES_ERROR;
				CLANG_WARN_DOCUMENTATION_COMMENTS = YES;
				CLANG_WARN_EMPTY_BODY = YES;
				CLANG_WARN_ENUM_CONVERSION = YES;
				CLANG_WARN_INFINITE_RECURSION = YES;
				CLANG_WARN_INT_CONVERSION = YES;
				CLANG_WARN_NON_LITERAL_NULL_CONVERSION = YES;
				CLANG_WARN_OBJC_IMPLICIT_RETAIN_SELF = YES;
				CLANG_WARN_OBJC_LITERAL_CONVERSION = YES;
				CLANG_WARN_OBJC_ROOT_CLASS = YES_ERROR;
				CLANG_WARN_RANGE_LOOP_ANALYSIS = YES;
				CLANG_WARN_STRICT_PROTOTYPES = YES;
				CLANG_WARN_SUSPICIOUS_MOVE = YES;
				CLANG_WARN_UNGUARDED_AVAILABILITY = YES_AGGRESSIVE;
				CLANG_WARN_UNREACHABLE_CODE = YES;
				CLANG_WARN__DUPLICATE_METHOD_MATCH = YES;
				CODE_SIGN_IDENTITY = "iPhone Developer";
				COPY_PHASE_STRIP = NO;
				DEBUG_INFORMATION_FORMAT = "dwarf-with-dsym";
				ENABLE_NS_ASSERTIONS = NO;
				ENABLE_STRICT_OBJC_MSGSEND = YES;
				GCC_C_LANGUAGE_STANDARD = gnu11;
				GCC_NO_COMMON_BLOCKS = YES;
				GCC_WARN_64_TO_32_BIT_CONVERSION = YES;
				GCC_WARN_ABOUT_RETURN_TYPE = YES_ERROR;
				GCC_WARN_UNDECLARED_SELECTOR = YES;
				GCC_WARN_UNINITIALIZED_AUTOS = YES_AGGRESSIVE;
				GCC_WARN_UNUSED_FUNCTION = YES;
				GCC_WARN_UNUSED_VARIABLE = YES;
				IPHONEOS_DEPLOYMENT_TARGET = 12.0;
				MTL_ENABLE_DEBUG_INFO = NO;
				MTL_FAST_MATH = YES;
				SDKROOT = iphoneos;
				VALIDATE_PRODUCT = YES;
			};
			name = Release;
		};
		4264895621D48D4E00D00443 /* Debug */ = {
			isa = XCBuildConfiguration;
			buildSettings = {
				ASSETCATALOG_COMPILER_APPICON_NAME = AppIcon;
				CODE_SIGN_STYLE = Automatic;
				DEVELOPMENT_TEAM = 6H43P4L72Y;
				INFOPLIST_FILE = LocalBookForSelf/Info.plist;
				LD_RUNPATH_SEARCH_PATHS = (
					"$(inherited)",
					"@executable_path/Frameworks",
				);
				PRODUCT_BUNDLE_IDENTIFIER = ljz.coding.LocalBookForSelf;
				PRODUCT_NAME = "$(TARGET_NAME)";
				TARGETED_DEVICE_FAMILY = "1,2";
			};
			name = Debug;
		};
		4264895721D48D4E00D00443 /* Release */ = {
			isa = XCBuildConfiguration;
			buildSettings = {
				ASSETCATALOG_COMPILER_APPICON_NAME = AppIcon;
				CODE_SIGN_STYLE = Automatic;
				DEVELOPMENT_TEAM = 6H43P4L72Y;
				INFOPLIST_FILE = LocalBookForSelf/Info.plist;
				LD_RUNPATH_SEARCH_PATHS = (
					"$(inherited)",
					"@executable_path/Frameworks",
				);
				PRODUCT_BUNDLE_IDENTIFIER = ljz.coding.LocalBookForSelf;
				PRODUCT_NAME = "$(TARGET_NAME)";
				TARGETED_DEVICE_FAMILY = "1,2";
			};
			name = Release;
		};
/* End XCBuildConfiguration section */

/* Begin XCConfigurationList section */
		4264893721D48D4C00D00443 /* Build configuration list for PBXProject "LocalBookForSelf" */ = {
			isa = XCConfigurationList;
			buildConfigurations = (
				4264895321D48D4E00D00443 /* Debug */,
				4264895421D48D4E00D00443 /* Release */,
			);
			defaultConfigurationIsVisible = 0;
			defaultConfigurationName = Release;
		};
		4264895521D48D4E00D00443 /* Build configuration list for PBXNativeTarget "LocalBookForSelf" */ = {
			isa = XCConfigurationList;
			buildConfigurations = (
				4264895621D48D4E00D00443 /* Debug */,
				4264895721D48D4E00D00443 /* Release */,
			);
			defaultConfigurationIsVisible = 0;
			defaultConfigurationName = Release;
		};
/* End XCConfigurationList section */

/* Begin XCVersionGroup section */
		4264894821D48D4C00D00443 /* LocalBookForSelf.xcdatamodeld */ = {
			isa = XCVersionGroup;
			children = (
				4264894921D48D4C00D00443 /* LocalBookForSelf.xcdatamodel */,
			);
			currentVersion = 4264894921D48D4C00D00443 /* LocalBookForSelf.xcdatamodel */;
			path = LocalBookForSelf.xcdatamodeld;
			sourceTree = "<group>";
			versionGroupType = wrapper.xcdatamodel;
		};
/* End XCVersionGroup section */
	};
	rootObject = 4264893421D48D4C00D00443 /* Project object */;
}
